<?xml version="1.0" encoding="utf-8"?>
<Project ToolsVersion="4.0" xmlns="http://schemas.microsoft.com/developer/msbuild/2003">
  <ItemGroup>
    <Filter Include="Header Files">
      <UniqueIdentifier>{93995380-89BD-4b04-88EB-625FBE52EBFB}</UniqueIdentifier>
      <Extensions>h;hpp;hxx;hm;inl;inc;xsd</Extensions>
    </Filter>
    <Filter Include="TinyXML">
      <UniqueIdentifier>{a5ba78e1-37a6-4566-bbc6-699714d4d942}</UniqueIdentifier>
    </Filter>
    <Filter Include="Resource Files">
      <UniqueIdentifier>{67DA6AB6-F800-4c08-8B7A-83BB121AAD01}</UniqueIdentifier>
      <Extensions>rc;ico;cur;bmp;dlg;rc2;rct;bin;rgs;gif;jpg;jpeg;jpe;resx;tiff;tif;png;wav;mfcribbon-ms</Extensions>
    </Filter>
    <Filter Include="Source Files">
      <UniqueIdentifier>{4FC737F1-C7A5-4376-A066-2A32D752A2FF}</UniqueIdentifier>
      <Extensions>cpp;c;cc;cxx;def;odl;idl;hpj;bat;asm;asmx</Extensions>
    </Filter>
  </ItemGroup>
  <ItemGroup>
    <None Include="ReadMe.txt" />
  </ItemGroup>
  <ItemGroup>
    <ClInclude Include="stdafx.h">
      <Filter>Header Files</Filter>
    </ClInclude>
    <ClInclude Include="targetver.h">
      <Filter>Header Files</Filter>
    </ClInclude>
    <ClInclude Include="VRTGeometryShader.h">
      <Filter>Header Files</Filter>
    </ClInclude>
    <ClInclude Include="VegetationRenderingTech.h">
      <Filter>Header Files</Filter>
    </ClInclude>
    <ClInclude Include="VRTShaderInstancing.h">
      <Filter>Header Files</Filter>
    </ClInclude>
    <ClInclude Include="tinyxml\tinystr.h">
      <Filter>TinyXML</Filter>
    </ClInclude>
    <ClInclude Include="tinyxml\tinyxml.h">
      <Filter>TinyXML</Filter>
    </ClInclude>
    <ClInclude Include="VegetationCell.h">
      <Filter>Header Files</Filter>
    </ClInclude>
    <ClInclude Include="VegetationScattering.h">
      <Filter>Header Files</Filter>
    </ClInclude>
    <ClInclude Include="VegetationLayer.h">
      <Filter>Header Files</Filter>
    </ClInclude>
    <ClInclude Include="VRTMeshShaderInstancing.h">
      <Filter>Source Files</Filter>
    </ClInclude>
    <ClInclude Include="MeshVegetationScattering.h">
      <Filter>Source Files</Filter>
    </ClInclude>
    <ClInclude Include="MeshVegetationObject.h">
      <Filter>Header Files</Filter>
    </ClInclude>
    <ClInclude Include="BillboardVegetationObject.h">
      <Filter>Header Files</Filter>
    </ClInclude>
    <ClInclude Include="VegetationUtils.h">
      <Filter>Header Files</Filter>
    </ClInclude>
    <ClInclude Include="VegetationTerrainQuery.h">
      <Filter>Header Files</Filter>
    </ClInclude>
  </ItemGroup>
  <ItemGroup>
    <ClCompile Include="stdafx.cpp">
      <Filter>Source Files</Filter>
    </ClCompile>
    <ClCompile Include="forest.cpp">
      <Filter>Source Files</Filter>
    </ClCompile>
    <ClCompile Include="VegetationRenderingTech.cpp">
      <Filter>Source Files</Filter>
    </ClCompile>
    <ClCompile Include="tinyxml\tinystr.cpp">
      <Filter>TinyXML</Filter>
    </ClCompile>
    <ClCompile Include="tinyxml\tinyxml.cpp">
      <Filter>TinyXML</Filter>
    </ClCompile>
    <ClCompile Include="tinyxml\tinyxmlerror.cpp">
      <Filter>TinyXML</Filter>
    </ClCompile>
    <ClCompile Include="tinyxml\tinyxmlparser.cpp">
      <Filter>TinyXML</Filter>
    </ClCompile>
    <ClCompile Include="VRTMeshShaderInstancing.cpp">
      <Filter>Source Files</Filter>
    </ClCompile>
    <ClCompile Include="MeshVegetationScattering.cpp">
      <Filter>Source Files</Filter>
    </ClCompile>
    <ClCompile Include="VegetationScattering.cpp">
      <Filter>Source Files</Filter>
    </ClCompile>
    <ClCompile Include="VRTShaderInstancing.cpp">
      <Filter>Header Files</Filter>
    </ClCompile>
    <ClCompile Include="VegetationTerrainQuery.cpp">
      <Filter>Header Files</Filter>
    </ClCompile>
  </ItemGroup>
</Project>