
Microsoft Visual Studio Solution File, Format Version 12.00
# Visual Studio 15
VisualStudioVersion = 15.0.28218.60
MinimumVisualStudioVersion = 10.0.40219.1
Project("{8BC9CEB8-8B4A-11D0-8D11-00A0C91BC942}") = "billboard_generator", "billboard_generator.vcxproj", "{B3A17E24-AA4F-4948-B971-47F81F35BA76}"
EndProject
Global
	GlobalSection(SolutionConfigurationPlatforms) = preSolution
		Debug|Win32 = Debug|Win32
		Debug|x64 = Debug|x64
		Release|Win32 = Release|Win32
		Release|x64 = Release|x64
	EndGlobalSection
	GlobalSection(ProjectConfigurationPlatforms) = postSolution
		{B3A17E24-AA4F-4948-B971-47F81F35BA76}.Debug|Win32.ActiveCfg = Debug|Win32
		{B3A17E24-AA4F-4948-B971-47F81F35BA76}.Debug|Win32.Build.0 = Debug|Win32
		{B3A17E24-AA4F-4948-B971-47F81F35BA76}.Debug|x64.ActiveCfg = Debug|x64
		{B3A17E24-AA4F-4948-B971-47F81F35BA76}.Debug|x64.Build.0 = Debug|x64
		{B3A17E24-AA4F-4948-B971-47F81F35BA76}.Release|Win32.ActiveCfg = Release|Win32
		{B3A17E24-AA4F-4948-B971-47F81F35BA76}.Release|Win32.Build.0 = Release|Win32
		{B3A17E24-AA4F-4948-B971-47F81F35BA76}.Release|x64.ActiveCfg = Release|x64
		{B3A17E24-AA4F-4948-B971-47F81F35BA76}.Release|x64.Build.0 = Release|x64
	EndGlobalSection
	GlobalSection(SolutionProperties) = preSolution
		HideSolutionNode = FALSE
	EndGlobalSection
	GlobalSection(ExtensibilityGlobals) = postSolution
		SolutionGuid = {750D121B-4259-480E-8656-83B77ECA4710}
	EndGlobalSection
EndGlobal
